
Microsoft Visual Studio Solution File, Format Version 12.00
# Visual Studio 15
VisualStudioVersion = 15.0.27130.2003
MinimumVisualStudioVersion = 10.0.40219.1
Project("{FAE04EC0-301F-11D3-BF4B-00C04F79EFBC}") = "ConsoleApp7", "ConsoleApp7\ConsoleApp7.csproj", "{28188F24-3922-4B25-9C82-05218BEB29F1}"
EndProject
Global
	GlobalSection(SolutionConfigurationPlatforms) = preSolution
		Debug|Any CPU = Debug|Any CPU
		Release|Any CPU = Release|Any CPU
	EndGlobalSection
	GlobalSection(ProjectConfigurationPlatforms) = postSolution
		{28188F24-3922-4B25-9C82-05218BEB29F1}.Debug|Any CPU.ActiveCfg = Debug|Any CPU
		{28188F24-3922-4B25-9C82-05218BEB29F1}.Debug|Any CPU.Build.0 = Debug|Any CPU
		{28188F24-3922-4B25-9C82-05218BEB29F1}.Release|Any CPU.ActiveCfg = Release|Any CPU
		{28188F24-3922-4B25-9C82-05218BEB29F1}.Release|Any CPU.Build.0 = Release|Any CPU
	EndGlobalSection
	GlobalSection(SolutionProperties) = preSolution
		HideSolutionNode = FALSE
	EndGlobalSection
	GlobalSection(ExtensibilityGlobals) = postSolution
		SolutionGuid = {56B0C27C-1CE8-422D-A01C-41837EA79519}
	EndGlobalSection
EndGlobal
